{
  "name": "huggingface",
  "version": "1.0.0",
  "lockfileVersion": 3,
  "requires": true,
  "packages": {
    "": {
      "name": "huggingface",
      "version": "1.0.0",
      "license": "ISC",
      "dependencies": {
        "@huggingface/inference": "^2.3.3",
        "dotenv": "^16.0.3"
      }
    },
    "node_modules/@huggingface/inference": {
      "version": "2.3.3",
      "resolved": "https://registry.npmjs.org/@huggingface/inference/-/inference-2.3.3.tgz",
      "integrity": "sha512-/2vl+RIazkpSVQiTq7dPL8trgFjXQOnEzfJo6QL5y2/kCiHB+PPWzCe9qsLKt0/R46eMzG1PuCgAOlCO+vd11g==",
      "engines": {
        "node": ">=18"
      }
    },
    "node_modules/dotenv": {
      "version": "16.0.3",
      "resolved": "https://registry.npmjs.org/dotenv/-/dotenv-16.0.3.tgz",
      "integrity": "sha512-7GO6HghkA5fYG9TYnNxi14/7K9f5occMlp3zXAuSxn7CKCxt9xbNWG7yF8hTCSUchlfWSe3uLmlPfigevRItzQ==",
      "engines": {
        "node": ">=12"
      }
    }
  }
}
